// !$*UTF8*$!
{
	archiveVersion = 1;
	classes = {
	};
	objectVersion = 56;
	objects = {

/* Begin PBXBuildFile section */
		C1212AD92BE3559C00D7E928 /* MatchHistoryViewController.swift in Sources */ = {isa = PBXBuildFile; fileRef = C1212AD82BE3559C00D7E928 /* MatchHistoryViewController.swift */; };
		C1212ADD2BE363C600D7E928 /* BowlingSetupModel.swift in Sources */ = {isa = PBXBuildFile; fileRef = C1212ADC2BE363C500D7E928 /* BowlingSetupModel.swift */; };
		C1212ADF2BE3645A00D7E928 /* BowlingSetupInteractor.swift in Sources */ = {isa = PBXBuildFile; fileRef = C1212ADE2BE3645A00D7E928 /* BowlingSetupInteractor.swift */; };
		C1212AE12BE3646B00D7E928 /* BowlingSetupPresenter.swift in Sources */ = {isa = PBXBuildFile; fileRef = C1212AE02BE3646B00D7E928 /* BowlingSetupPresenter.swift */; };
		C1212AE32BE3648F00D7E928 /* BowlingSetupWorker.swift in Sources */ = {isa = PBXBuildFile; fileRef = C1212AE22BE3648F00D7E928 /* BowlingSetupWorker.swift */; };
		C1212AE52BE365AE00D7E928 /* Match.swift in Sources */ = {isa = PBXBuildFile; fileRef = C1212AE42BE365AE00D7E928 /* Match.swift */; };
		C12FD6282BE668D50029730D /* ScoringInteractor.swift in Sources */ = {isa = PBXBuildFile; fileRef = C12FD6272BE668D50029730D /* ScoringInteractor.swift */; };
		C12FD62A2BE66A120029730D /* ScoringWorker.swift in Sources */ = {isa = PBXBuildFile; fileRef = C12FD6292BE66A120029730D /* ScoringWorker.swift */; };
		C12FD62C2BE66A6B0029730D /* ScoringPresenter.swift in Sources */ = {isa = PBXBuildFile; fileRef = C12FD62B2BE66A6B0029730D /* ScoringPresenter.swift */; };
		C13405422BE484D000D894BA /* ScoringViewController.swift in Sources */ = {isa = PBXBuildFile; fileRef = C13405412BE484D000D894BA /* ScoringViewController.swift */; };
		C13405442BE5059C00D894BA /* ScoringModel.swift in Sources */ = {isa = PBXBuildFile; fileRef = C13405432BE5059C00D894BA /* ScoringModel.swift */; };
		C13405462BE5063A00D894BA /* Ball.swift in Sources */ = {isa = PBXBuildFile; fileRef = C13405452BE5063A00D894BA /* Ball.swift */; };
		C143660C2BE3514C00FBEB28 /* BowlingSetupViewController.swift in Sources */ = {isa = PBXBuildFile; fileRef = C143660B2BE3514C00FBEB28 /* BowlingSetupViewController.swift */; };
		C14C94AB2BECF6A1003ED970 /* SettingsWorker.swift in Sources */ = {isa = PBXBuildFile; fileRef = C14C94AA2BECF6A1003ED970 /* SettingsWorker.swift */; };
		C14C94AD2BECFFA7003ED970 /* SettingsViewController.swift in Sources */ = {isa = PBXBuildFile; fileRef = C14C94AC2BECFFA7003ED970 /* SettingsViewController.swift */; };
		C14C94AF2BECFFF4003ED970 /* PlayerViewCell.swift in Sources */ = {isa = PBXBuildFile; fileRef = C14C94AE2BECFFF4003ED970 /* PlayerViewCell.swift */; };
		C14C94B12BED00DD003ED970 /* SettingsModel.swift in Sources */ = {isa = PBXBuildFile; fileRef = C14C94B02BED00DD003ED970 /* SettingsModel.swift */; };
		C14C94B42BEDC760003ED970 /* SettingsInteractor.swift in Sources */ = {isa = PBXBuildFile; fileRef = C14C94B32BEDC760003ED970 /* SettingsInteractor.swift */; };
		C14C94B62BEDCAA5003ED970 /* SettingsPresenter.swift in Sources */ = {isa = PBXBuildFile; fileRef = C14C94B52BEDCAA5003ED970 /* SettingsPresenter.swift */; };
		C14C94B82BEDDB9B003ED970 /* SettingsDetailViewController.swift in Sources */ = {isa = PBXBuildFile; fileRef = C14C94B72BEDDB9B003ED970 /* SettingsDetailViewController.swift */; };
		C14C94BA2BEDF66D003ED970 /* MatchHistoryCell.swift in Sources */ = {isa = PBXBuildFile; fileRef = C14C94B92BEDF66D003ED970 /* MatchHistoryCell.swift */; };
		C14C94BC2BEDF82A003ED970 /* MatchHistoryWorker.swift in Sources */ = {isa = PBXBuildFile; fileRef = C14C94BB2BEDF82A003ED970 /* MatchHistoryWorker.swift */; };
		C14C94BE2BEE021D003ED970 /* MatchHistoryInteractor.swift in Sources */ = {isa = PBXBuildFile; fileRef = C14C94BD2BEE021D003ED970 /* MatchHistoryInteractor.swift */; };
		C14C94C02BEE0322003ED970 /* MatchHistoryPresenter.swift in Sources */ = {isa = PBXBuildFile; fileRef = C14C94BF2BEE0322003ED970 /* MatchHistoryPresenter.swift */; };
		C14C94C42BEE2F54003ED970 /* MatchHistoryDetailViewController.swift in Sources */ = {isa = PBXBuildFile; fileRef = C14C94C32BEE2F54003ED970 /* MatchHistoryDetailViewController.swift */; };
		C14C94C62BEE3001003ED970 /* MatchHistoryDetailTableViewCell.swift in Sources */ = {isa = PBXBuildFile; fileRef = C14C94C52BEE3001003ED970 /* MatchHistoryDetailTableViewCell.swift */; };
		C14C94C82BEE327C003ED970 /* MatchHistoryDetailModel.swift in Sources */ = {isa = PBXBuildFile; fileRef = C14C94C72BEE327C003ED970 /* MatchHistoryDetailModel.swift */; };
		C14C94CA2BEE3946003ED970 /* MatchHistoryDetailInteractor.swift in Sources */ = {isa = PBXBuildFile; fileRef = C14C94C92BEE3946003ED970 /* MatchHistoryDetailInteractor.swift */; };
		C14C94CC2BEE413C003ED970 /* MatchHistoryDetailWorker.swift in Sources */ = {isa = PBXBuildFile; fileRef = C14C94CB2BEE413C003ED970 /* MatchHistoryDetailWorker.swift */; };
		C14C94CE2BEE4545003ED970 /* MatchHistoryDetailPresenter.swift in Sources */ = {isa = PBXBuildFile; fileRef = C14C94CD2BEE4545003ED970 /* MatchHistoryDetailPresenter.swift */; };
		C1659EC32BDFC4DF00D9A360 /* AppDelegate.swift in Sources */ = {isa = PBXBuildFile; fileRef = C1659EC22BDFC4DF00D9A360 /* AppDelegate.swift */; };
		C1659EC52BDFC4DF00D9A360 /* SceneDelegate.swift in Sources */ = {isa = PBXBuildFile; fileRef = C1659EC42BDFC4DF00D9A360 /* SceneDelegate.swift */; };
		C1659ECA2BDFC4DF00D9A360 /* Base in Resources */ = {isa = PBXBuildFile; fileRef = C1659EC92BDFC4DF00D9A360 /* Base */; };
		C1659ECC2BDFC4E000D9A360 /* Assets.xcassets in Resources */ = {isa = PBXBuildFile; fileRef = C1659ECB2BDFC4E000D9A360 /* Assets.xcassets */; };
		C1659ECF2BDFC4E000D9A360 /* Base in Resources */ = {isa = PBXBuildFile; fileRef = C1659ECE2BDFC4E000D9A360 /* Base */; };
		C16DDEDC2BECB0700048ACE4 /* BowlerViewCell.swift in Sources */ = {isa = PBXBuildFile; fileRef = C16DDEDB2BECB0700048ACE4 /* BowlerViewCell.swift */; };
		C1A92C322BE8E0B30072EF7C /* SummaryViewController.swift in Sources */ = {isa = PBXBuildFile; fileRef = C1A92C312BE8E0B30072EF7C /* SummaryViewController.swift */; };
		C1A92C352BEA02340072EF7C /* TabBarController.swift in Sources */ = {isa = PBXBuildFile; fileRef = C1A92C342BEA02340072EF7C /* TabBarController.swift */; };
		C1A92C372BEA3DF00072EF7C /* SummaryInteractor.swift in Sources */ = {isa = PBXBuildFile; fileRef = C1A92C362BEA3DF00072EF7C /* SummaryInteractor.swift */; };
		C1A92C392BEA3DFC0072EF7C /* SummaryWorker.swift in Sources */ = {isa = PBXBuildFile; fileRef = C1A92C382BEA3DFC0072EF7C /* SummaryWorker.swift */; };
		C1A92C3B2BEA41B00072EF7C /* SummaryModel.swift in Sources */ = {isa = PBXBuildFile; fileRef = C1A92C3A2BEA41B00072EF7C /* SummaryModel.swift */; };
		C1A92C3D2BEB0DC10072EF7C /* SummaryPresenter.swift in Sources */ = {isa = PBXBuildFile; fileRef = C1A92C3C2BEB0DC10072EF7C /* SummaryPresenter.swift */; };
		C1A92C402BEB1F6E0072EF7C /* IndividualViewController.swift in Sources */ = {isa = PBXBuildFile; fileRef = C1A92C3F2BEB1F6E0072EF7C /* IndividualViewController.swift */; };
		C1A92C422BEB25F30072EF7C /* IndividualInteractor.swift in Sources */ = {isa = PBXBuildFile; fileRef = C1A92C412BEB25F30072EF7C /* IndividualInteractor.swift */; };
		C1A92C442BEB59C60072EF7C /* IndividualModel.swift in Sources */ = {isa = PBXBuildFile; fileRef = C1A92C432BEB59C60072EF7C /* IndividualModel.swift */; };
		C1A92C462BEB60600072EF7C /* IndividualWorker.swift in Sources */ = {isa = PBXBuildFile; fileRef = C1A92C452BEB60600072EF7C /* IndividualWorker.swift */; };
		C1A92C482BEB6A430072EF7C /* IndividualPresenter.swift in Sources */ = {isa = PBXBuildFile; fileRef = C1A92C472BEB6A430072EF7C /* IndividualPresenter.swift */; };
		C1A92C4A2BEB8A190072EF7C /* StrikerViewCell.swift in Sources */ = {isa = PBXBuildFile; fileRef = C1A92C492BEB8A190072EF7C /* StrikerViewCell.swift */; };
		C1CC86772BE0A3A000B1D64C /* FirebaseFirestoreSwift in Frameworks */ = {isa = PBXBuildFile; productRef = C1CC86762BE0A3A000B1D64C /* FirebaseFirestoreSwift */; };
		C1CC86792BE0A3AD00B1D64C /* GoogleService-Info.plist in Resources */ = {isa = PBXBuildFile; fileRef = C1CC86782BE0A3AD00B1D64C /* GoogleService-Info.plist */; };
		C1F803E22BE0C4C30005C784 /* BattingSetupModel.swift in Sources */ = {isa = PBXBuildFile; fileRef = C1F803E12BE0C4C30005C784 /* BattingSetupModel.swift */; };
		C1F803E42BE0C56C0005C784 /* BattingSetupInteractor.swift in Sources */ = {isa = PBXBuildFile; fileRef = C1F803E32BE0C56C0005C784 /* BattingSetupInteractor.swift */; };
		C1F803E62BE0C57F0005C784 /* BattingSetupPresenter.swift in Sources */ = {isa = PBXBuildFile; fileRef = C1F803E52BE0C57F0005C784 /* BattingSetupPresenter.swift */; };
		C1F803E82BE0C63E0005C784 /* BattingSetupWorker.swift in Sources */ = {isa = PBXBuildFile; fileRef = C1F803E72BE0C63E0005C784 /* BattingSetupWorker.swift */; };
		C1F803EC2BE0C95C0005C784 /* Player.swift in Sources */ = {isa = PBXBuildFile; fileRef = C1F803EB2BE0C95C0005C784 /* Player.swift */; };
		C1F803EE2BE0CAB10005C784 /* Team.swift in Sources */ = {isa = PBXBuildFile; fileRef = C1F803ED2BE0CAB10005C784 /* Team.swift */; };
		C1F803F02BE10CB30005C784 /* BattingSetupViewController.swift in Sources */ = {isa = PBXBuildFile; fileRef = C1F803EF2BE10CB30005C784 /* BattingSetupViewController.swift */; };
/* End PBXBuildFile section */

/* Begin PBXFileReference section */
		C1212AD82BE3559C00D7E928 /* MatchHistoryViewController.swift */ = {isa = PBXFileReference; lastKnownFileType = sourcecode.swift; path = MatchHistoryViewController.swift; sourceTree = "<group>"; };
		C1212ADC2BE363C500D7E928 /* BowlingSetupModel.swift */ = {isa = PBXFileReference; lastKnownFileType = sourcecode.swift; path = BowlingSetupModel.swift; sourceTree = "<group>"; };
		C1212ADE2BE3645A00D7E928 /* BowlingSetupInteractor.swift */ = {isa = PBXFileReference; lastKnownFileType = sourcecode.swift; path = BowlingSetupInteractor.swift; sourceTree = "<group>"; };
		C1212AE02BE3646B00D7E928 /* BowlingSetupPresenter.swift */ = {isa = PBXFileReference; lastKnownFileType = sourcecode.swift; path = BowlingSetupPresenter.swift; sourceTree = "<group>"; };
		C1212AE22BE3648F00D7E928 /* BowlingSetupWorker.swift */ = {isa = PBXFileReference; lastKnownFileType = sourcecode.swift; path = BowlingSetupWorker.swift; sourceTree = "<group>"; };
		C1212AE42BE365AE00D7E928 /* Match.swift */ = {isa = PBXFileReference; lastKnownFileType = sourcecode.swift; path = Match.swift; sourceTree = "<group>"; };
		C12FD6272BE668D50029730D /* ScoringInteractor.swift */ = {isa = PBXFileReference; lastKnownFileType = sourcecode.swift; path = ScoringInteractor.swift; sourceTree = "<group>"; };
		C12FD6292BE66A120029730D /* ScoringWorker.swift */ = {isa = PBXFileReference; lastKnownFileType = sourcecode.swift; path = ScoringWorker.swift; sourceTree = "<group>"; };
		C12FD62B2BE66A6B0029730D /* ScoringPresenter.swift */ = {isa = PBXFileReference; lastKnownFileType = sourcecode.swift; path = ScoringPresenter.swift; sourceTree = "<group>"; };
		C13405412BE484D000D894BA /* ScoringViewController.swift */ = {isa = PBXFileReference; lastKnownFileType = sourcecode.swift; path = ScoringViewController.swift; sourceTree = "<group>"; };
		C13405432BE5059C00D894BA /* ScoringModel.swift */ = {isa = PBXFileReference; lastKnownFileType = sourcecode.swift; path = ScoringModel.swift; sourceTree = "<group>"; };
		C13405452BE5063A00D894BA /* Ball.swift */ = {isa = PBXFileReference; lastKnownFileType = sourcecode.swift; path = Ball.swift; sourceTree = "<group>"; };
		C143660B2BE3514C00FBEB28 /* BowlingSetupViewController.swift */ = {isa = PBXFileReference; lastKnownFileType = sourcecode.swift; path = BowlingSetupViewController.swift; sourceTree = "<group>"; };
		C14C94AA2BECF6A1003ED970 /* SettingsWorker.swift */ = {isa = PBXFileReference; lastKnownFileType = sourcecode.swift; path = SettingsWorker.swift; sourceTree = "<group>"; };
		C14C94AC2BECFFA7003ED970 /* SettingsViewController.swift */ = {isa = PBXFileReference; lastKnownFileType = sourcecode.swift; path = SettingsViewController.swift; sourceTree = "<group>"; };
		C14C94AE2BECFFF4003ED970 /* PlayerViewCell.swift */ = {isa = PBXFileReference; lastKnownFileType = sourcecode.swift; path = PlayerViewCell.swift; sourceTree = "<group>"; };
		C14C94B02BED00DD003ED970 /* SettingsModel.swift */ = {isa = PBXFileReference; lastKnownFileType = sourcecode.swift; path = SettingsModel.swift; sourceTree = "<group>"; };
		C14C94B32BEDC760003ED970 /* SettingsInteractor.swift */ = {isa = PBXFileReference; lastKnownFileType = sourcecode.swift; path = SettingsInteractor.swift; sourceTree = "<group>"; };
		C14C94B52BEDCAA5003ED970 /* SettingsPresenter.swift */ = {isa = PBXFileReference; lastKnownFileType = sourcecode.swift; path = SettingsPresenter.swift; sourceTree = "<group>"; };
		C14C94B72BEDDB9B003ED970 /* SettingsDetailViewController.swift */ = {isa = PBXFileReference; lastKnownFileType = sourcecode.swift; path = SettingsDetailViewController.swift; sourceTree = "<group>"; };
		C14C94B92BEDF66D003ED970 /* MatchHistoryCell.swift */ = {isa = PBXFileReference; lastKnownFileType = sourcecode.swift; path = MatchHistoryCell.swift; sourceTree = "<group>"; };
		C14C94BB2BEDF82A003ED970 /* MatchHistoryWorker.swift */ = {isa = PBXFileReference; lastKnownFileType = sourcecode.swift; path = MatchHistoryWorker.swift; sourceTree = "<group>"; };
		C14C94BD2BEE021D003ED970 /* MatchHistoryInteractor.swift */ = {isa = PBXFileReference; lastKnownFileType = sourcecode.swift; path = MatchHistoryInteractor.swift; sourceTree = "<group>"; };
		C14C94BF2BEE0322003ED970 /* MatchHistoryPresenter.swift */ = {isa = PBXFileReference; lastKnownFileType = sourcecode.swift; path = MatchHistoryPresenter.swift; sourceTree = "<group>"; };
		C14C94C32BEE2F54003ED970 /* MatchHistoryDetailViewController.swift */ = {isa = PBXFileReference; lastKnownFileType = sourcecode.swift; path = MatchHistoryDetailViewController.swift; sourceTree = "<group>"; };
		C14C94C52BEE3001003ED970 /* MatchHistoryDetailTableViewCell.swift */ = {isa = PBXFileReference; lastKnownFileType = sourcecode.swift; path = MatchHistoryDetailTableViewCell.swift; sourceTree = "<group>"; };
		C14C94C72BEE327C003ED970 /* MatchHistoryDetailModel.swift */ = {isa = PBXFileReference; lastKnownFileType = sourcecode.swift; path = MatchHistoryDetailModel.swift; sourceTree = "<group>"; };
		C14C94C92BEE3946003ED970 /* MatchHistoryDetailInteractor.swift */ = {isa = PBXFileReference; lastKnownFileType = sourcecode.swift; path = MatchHistoryDetailInteractor.swift; sourceTree = "<group>"; };
		C14C94CB2BEE413C003ED970 /* MatchHistoryDetailWorker.swift */ = {isa = PBXFileReference; lastKnownFileType = sourcecode.swift; path = MatchHistoryDetailWorker.swift; sourceTree = "<group>"; };
		C14C94CD2BEE4545003ED970 /* MatchHistoryDetailPresenter.swift */ = {isa = PBXFileReference; lastKnownFileType = sourcecode.swift; path = MatchHistoryDetailPresenter.swift; sourceTree = "<group>"; };
		C1659EBF2BDFC4DF00D9A360 /* CricketScore.app */ = {isa = PBXFileReference; explicitFileType = wrapper.application; includeInIndex = 0; path = CricketScore.app; sourceTree = BUILT_PRODUCTS_DIR; };
		C1659EC22BDFC4DF00D9A360 /* AppDelegate.swift */ = {isa = PBXFileReference; lastKnownFileType = sourcecode.swift; path = AppDelegate.swift; sourceTree = "<group>"; };
		C1659EC42BDFC4DF00D9A360 /* SceneDelegate.swift */ = {isa = PBXFileReference; lastKnownFileType = sourcecode.swift; path = SceneDelegate.swift; sourceTree = "<group>"; };
		C1659EC92BDFC4DF00D9A360 /* Base */ = {isa = PBXFileReference; lastKnownFileType = file.storyboard; name = Base; path = Base.lproj/Main.storyboard; sourceTree = "<group>"; };
		C1659ECB2BDFC4E000D9A360 /* Assets.xcassets */ = {isa = PBXFileReference; lastKnownFileType = folder.assetcatalog; path = Assets.xcassets; sourceTree = "<group>"; };
		C1659ECE2BDFC4E000D9A360 /* Base */ = {isa = PBXFileReference; lastKnownFileType = file.storyboard; name = Base; path = Base.lproj/LaunchScreen.storyboard; sourceTree = "<group>"; };
		C1659ED02BDFC4E000D9A360 /* Info.plist */ = {isa = PBXFileReference; lastKnownFileType = text.plist.xml; path = Info.plist; sourceTree = "<group>"; };
		C16DDEDB2BECB0700048ACE4 /* BowlerViewCell.swift */ = {isa = PBXFileReference; lastKnownFileType = sourcecode.swift; path = BowlerViewCell.swift; sourceTree = "<group>"; };
		C1A92C312BE8E0B30072EF7C /* SummaryViewController.swift */ = {isa = PBXFileReference; lastKnownFileType = sourcecode.swift; path = SummaryViewController.swift; sourceTree = "<group>"; };
		C1A92C342BEA02340072EF7C /* TabBarController.swift */ = {isa = PBXFileReference; lastKnownFileType = sourcecode.swift; path = TabBarController.swift; sourceTree = "<group>"; };
		C1A92C362BEA3DF00072EF7C /* SummaryInteractor.swift */ = {isa = PBXFileReference; lastKnownFileType = sourcecode.swift; path = SummaryInteractor.swift; sourceTree = "<group>"; };
		C1A92C382BEA3DFC0072EF7C /* SummaryWorker.swift */ = {isa = PBXFileReference; lastKnownFileType = sourcecode.swift; path = SummaryWorker.swift; sourceTree = "<group>"; };
		C1A92C3A2BEA41B00072EF7C /* SummaryModel.swift */ = {isa = PBXFileReference; lastKnownFileType = sourcecode.swift; path = SummaryModel.swift; sourceTree = "<group>"; };
		C1A92C3C2BEB0DC10072EF7C /* SummaryPresenter.swift */ = {isa = PBXFileReference; lastKnownFileType = sourcecode.swift; path = SummaryPresenter.swift; sourceTree = "<group>"; };
		C1A92C3F2BEB1F6E0072EF7C /* IndividualViewController.swift */ = {isa = PBXFileReference; lastKnownFileType = sourcecode.swift; path = IndividualViewController.swift; sourceTree = "<group>"; };
		C1A92C412BEB25F30072EF7C /* IndividualInteractor.swift */ = {isa = PBXFileReference; lastKnownFileType = sourcecode.swift; path = IndividualInteractor.swift; sourceTree = "<group>"; };
		C1A92C432BEB59C60072EF7C /* IndividualModel.swift */ = {isa = PBXFileReference; lastKnownFileType = sourcecode.swift; path = IndividualModel.swift; sourceTree = "<group>"; };
		C1A92C452BEB60600072EF7C /* IndividualWorker.swift */ = {isa = PBXFileReference; lastKnownFileType = sourcecode.swift; path = IndividualWorker.swift; sourceTree = "<group>"; };
		C1A92C472BEB6A430072EF7C /* IndividualPresenter.swift */ = {isa = PBXFileReference; lastKnownFileType = sourcecode.swift; path = IndividualPresenter.swift; sourceTree = "<group>"; };
		C1A92C492BEB8A190072EF7C /* StrikerViewCell.swift */ = {isa = PBXFileReference; lastKnownFileType = sourcecode.swift; path = StrikerViewCell.swift; sourceTree = "<group>"; };
		C1CC86782BE0A3AD00B1D64C /* GoogleService-Info.plist */ = {isa = PBXFileReference; fileEncoding = 4; lastKnownFileType = text.plist.xml; path = "GoogleService-Info.plist"; sourceTree = "<group>"; };
		C1F803E12BE0C4C30005C784 /* BattingSetupModel.swift */ = {isa = PBXFileReference; lastKnownFileType = sourcecode.swift; path = BattingSetupModel.swift; sourceTree = "<group>"; };
		C1F803E32BE0C56C0005C784 /* BattingSetupInteractor.swift */ = {isa = PBXFileReference; lastKnownFileType = sourcecode.swift; path = BattingSetupInteractor.swift; sourceTree = "<group>"; };
		C1F803E52BE0C57F0005C784 /* BattingSetupPresenter.swift */ = {isa = PBXFileReference; lastKnownFileType = sourcecode.swift; path = BattingSetupPresenter.swift; sourceTree = "<group>"; };
		C1F803E72BE0C63E0005C784 /* BattingSetupWorker.swift */ = {isa = PBXFileReference; lastKnownFileType = sourcecode.swift; path = BattingSetupWorker.swift; sourceTree = "<group>"; };
		C1F803EB2BE0C95C0005C784 /* Player.swift */ = {isa = PBXFileReference; lastKnownFileType = sourcecode.swift; path = Player.swift; sourceTree = "<group>"; };
		C1F803ED2BE0CAB10005C784 /* Team.swift */ = {isa = PBXFileReference; lastKnownFileType = sourcecode.swift; path = Team.swift; sourceTree = "<group>"; };
		C1F803EF2BE10CB30005C784 /* BattingSetupViewController.swift */ = {isa = PBXFileReference; lastKnownFileType = sourcecode.swift; path = BattingSetupViewController.swift; sourceTree = "<group>"; };
/* End PBXFileReference section */

/* Begin PBXFrameworksBuildPhase section */
		C1659EBC2BDFC4DF00D9A360 /* Frameworks */ = {
			isa = PBXFrameworksBuildPhase;
			buildActionMask = 2147483647;
			files = (
				C1CC86772BE0A3A000B1D64C /* FirebaseFirestoreSwift in Frameworks */,
			);
			runOnlyForDeploymentPostprocessing = 0;
		};
/* End PBXFrameworksBuildPhase section */

/* Begin PBXGroup section */
		C1212AD72BE3557E00D7E928 /* MatchHistory */ = {
			isa = PBXGroup;
			children = (
				C14C94C12BEE2EE0003ED970 /* Main */,
				C14C94C22BEE2EFB003ED970 /* Detail */,
			);
			path = MatchHistory;
			sourceTree = "<group>";
		};
		C13405402BE484B900D894BA /* Scoring */ = {
			isa = PBXGroup;
			children = (
				C13405412BE484D000D894BA /* ScoringViewController.swift */,
				C13405432BE5059C00D894BA /* ScoringModel.swift */,
				C12FD6272BE668D50029730D /* ScoringInteractor.swift */,
				C12FD6292BE66A120029730D /* ScoringWorker.swift */,
				C12FD62B2BE66A6B0029730D /* ScoringPresenter.swift */,
			);
			path = Scoring;
			sourceTree = "<group>";
		};
		C143660A2BE3512C00FBEB28 /* BowlingSetup */ = {
			isa = PBXGroup;
			children = (
				C143660B2BE3514C00FBEB28 /* BowlingSetupViewController.swift */,
				C1212ADC2BE363C500D7E928 /* BowlingSetupModel.swift */,
				C1212ADE2BE3645A00D7E928 /* BowlingSetupInteractor.swift */,
				C1212AE02BE3646B00D7E928 /* BowlingSetupPresenter.swift */,
				C1212AE22BE3648F00D7E928 /* BowlingSetupWorker.swift */,
			);
			path = BowlingSetup;
			sourceTree = "<group>";
		};
		C14C94A92BECF681003ED970 /* Settings */ = {
			isa = PBXGroup;
			children = (
				C14C94AA2BECF6A1003ED970 /* SettingsWorker.swift */,
				C14C94AC2BECFFA7003ED970 /* SettingsViewController.swift */,
				C14C94AE2BECFFF4003ED970 /* PlayerViewCell.swift */,
				C14C94B02BED00DD003ED970 /* SettingsModel.swift */,
				C14C94B32BEDC760003ED970 /* SettingsInteractor.swift */,
				C14C94B52BEDCAA5003ED970 /* SettingsPresenter.swift */,
				C14C94B72BEDDB9B003ED970 /* SettingsDetailViewController.swift */,
			);
			path = Settings;
			sourceTree = "<group>";
		};
		C14C94C12BEE2EE0003ED970 /* Main */ = {
			isa = PBXGroup;
			children = (
				C1212AD82BE3559C00D7E928 /* MatchHistoryViewController.swift */,
				C14C94B92BEDF66D003ED970 /* MatchHistoryCell.swift */,
				C14C94BB2BEDF82A003ED970 /* MatchHistoryWorker.swift */,
				C14C94BD2BEE021D003ED970 /* MatchHistoryInteractor.swift */,
				C14C94BF2BEE0322003ED970 /* MatchHistoryPresenter.swift */,
			);
			path = Main;
			sourceTree = "<group>";
		};
		C14C94C22BEE2EFB003ED970 /* Detail */ = {
			isa = PBXGroup;
			children = (
				C14C94C32BEE2F54003ED970 /* MatchHistoryDetailViewController.swift */,
				C14C94C52BEE3001003ED970 /* MatchHistoryDetailTableViewCell.swift */,
				C14C94C72BEE327C003ED970 /* MatchHistoryDetailModel.swift */,
				C14C94C92BEE3946003ED970 /* MatchHistoryDetailInteractor.swift */,
				C14C94CB2BEE413C003ED970 /* MatchHistoryDetailWorker.swift */,
				C14C94CD2BEE4545003ED970 /* MatchHistoryDetailPresenter.swift */,
			);
			path = Detail;
			sourceTree = "<group>";
		};
		C1659EB62BDFC4DF00D9A360 = {
			isa = PBXGroup;
			children = (
				C1659EC12BDFC4DF00D9A360 /* CricketScore */,
				C1659EC02BDFC4DF00D9A360 /* Products */,
			);
			sourceTree = "<group>";
		};
		C1659EC02BDFC4DF00D9A360 /* Products */ = {
			isa = PBXGroup;
			children = (
				C1659EBF2BDFC4DF00D9A360 /* CricketScore.app */,
			);
			name = Products;
			sourceTree = "<group>";
		};
		C1659EC12BDFC4DF00D9A360 /* CricketScore */ = {
			isa = PBXGroup;
			children = (
				C1F803DD2BE0C3580005C784 /* MatchCreate */,
				C1CC86782BE0A3AD00B1D64C /* GoogleService-Info.plist */,
				C1659EC22BDFC4DF00D9A360 /* AppDelegate.swift */,
				C1659EC42BDFC4DF00D9A360 /* SceneDelegate.swift */,
				C1659EC82BDFC4DF00D9A360 /* Main.storyboard */,
				C1659ECB2BDFC4E000D9A360 /* Assets.xcassets */,
				C1659ECD2BDFC4E000D9A360 /* LaunchScreen.storyboard */,
				C1659ED02BDFC4E000D9A360 /* Info.plist */,
			);
			path = CricketScore;
			sourceTree = "<group>";
		};
		C1A92C302BE8932B0072EF7C /* Summary */ = {
			isa = PBXGroup;
			children = (
				C1A92C312BE8E0B30072EF7C /* SummaryViewController.swift */,
				C1A92C362BEA3DF00072EF7C /* SummaryInteractor.swift */,
				C1A92C382BEA3DFC0072EF7C /* SummaryWorker.swift */,
				C1A92C3A2BEA41B00072EF7C /* SummaryModel.swift */,
				C1A92C3C2BEB0DC10072EF7C /* SummaryPresenter.swift */,
			);
			path = Summary;
			sourceTree = "<group>";
		};
		C1A92C332BEA01FE0072EF7C /* Tabs */ = {
			isa = PBXGroup;
			children = (
				C14C94A92BECF681003ED970 /* Settings */,
				C1A92C3E2BEB1F3C0072EF7C /* Individual */,
				C13405402BE484B900D894BA /* Scoring */,
				C1A92C302BE8932B0072EF7C /* Summary */,
				C1A92C342BEA02340072EF7C /* TabBarController.swift */,
			);
			path = Tabs;
			sourceTree = "<group>";
		};
		C1A92C3E2BEB1F3C0072EF7C /* Individual */ = {
			isa = PBXGroup;
			children = (
				C1A92C3F2BEB1F6E0072EF7C /* IndividualViewController.swift */,
				C1A92C412BEB25F30072EF7C /* IndividualInteractor.swift */,
				C1A92C432BEB59C60072EF7C /* IndividualModel.swift */,
				C1A92C452BEB60600072EF7C /* IndividualWorker.swift */,
				C1A92C472BEB6A430072EF7C /* IndividualPresenter.swift */,
				C1A92C492BEB8A190072EF7C /* StrikerViewCell.swift */,
				C16DDEDB2BECB0700048ACE4 /* BowlerViewCell.swift */,
			);
			path = Individual;
			sourceTree = "<group>";
		};
		C1F803DD2BE0C3580005C784 /* MatchCreate */ = {
			isa = PBXGroup;
			children = (
				C1F803DF2BE0C3B20005C784 /* Scenes */,
				C1F803DE2BE0C3820005C784 /* Models */,
			);
			path = MatchCreate;
			sourceTree = "<group>";
		};
		C1F803DE2BE0C3820005C784 /* Models */ = {
			isa = PBXGroup;
			children = (
				C1F803EB2BE0C95C0005C784 /* Player.swift */,
				C1F803ED2BE0CAB10005C784 /* Team.swift */,
				C1212AE42BE365AE00D7E928 /* Match.swift */,
				C13405452BE5063A00D894BA /* Ball.swift */,
			);
			path = Models;
			sourceTree = "<group>";
		};
		C1F803DF2BE0C3B20005C784 /* Scenes */ = {
			isa = PBXGroup;
			children = (
				C1A92C332BEA01FE0072EF7C /* Tabs */,
				C1212AD72BE3557E00D7E928 /* MatchHistory */,
				C143660A2BE3512C00FBEB28 /* BowlingSetup */,
				C1F803E02BE0C3F80005C784 /* BattingSetup */,
			);
			path = Scenes;
			sourceTree = "<group>";
		};
		C1F803E02BE0C3F80005C784 /* BattingSetup */ = {
			isa = PBXGroup;
			children = (
				C1F803E12BE0C4C30005C784 /* BattingSetupModel.swift */,
				C1F803E32BE0C56C0005C784 /* BattingSetupInteractor.swift */,
				C1F803E52BE0C57F0005C784 /* BattingSetupPresenter.swift */,
				C1F803E72BE0C63E0005C784 /* BattingSetupWorker.swift */,
				C1F803EF2BE10CB30005C784 /* BattingSetupViewController.swift */,
			);
			path = BattingSetup;
			sourceTree = "<group>";
		};
/* End PBXGroup section */

/* Begin PBXNativeTarget section */
		C1659EBE2BDFC4DF00D9A360 /* CricketScore */ = {
			isa = PBXNativeTarget;
			buildConfigurationList = C1659ED32BDFC4E000D9A360 /* Build configuration list for PBXNativeTarget "CricketScore" */;
			buildPhases = (
				C1659EBB2BDFC4DF00D9A360 /* Sources */,
				C1659EBC2BDFC4DF00D9A360 /* Frameworks */,
				C1659EBD2BDFC4DF00D9A360 /* Resources */,
			);
			buildRules = (
			);
			dependencies = (
			);
			name = CricketScore;
			packageProductDependencies = (
				C1CC86762BE0A3A000B1D64C /* FirebaseFirestoreSwift */,
			);
			productName = CricketScore;
			productReference = C1659EBF2BDFC4DF00D9A360 /* CricketScore.app */;
			productType = "com.apple.product-type.application";
		};
/* End PBXNativeTarget section */

/* Begin PBXProject section */
		C1659EB72BDFC4DF00D9A360 /* Project object */ = {
			isa = PBXProject;
			attributes = {
				BuildIndependentTargetsInParallel = 1;
				LastSwiftUpdateCheck = 1530;
				LastUpgradeCheck = 1530;
				TargetAttributes = {
					C1659EBE2BDFC4DF00D9A360 = {
						CreatedOnToolsVersion = 15.3;
					};
				};
			};
			buildConfigurationList = C1659EBA2BDFC4DF00D9A360 /* Build configuration list for PBXProject "CricketScore" */;
			compatibilityVersion = "Xcode 14.0";
			developmentRegion = en;
			hasScannedForEncodings = 0;
			knownRegions = (
				en,
				Base,
			);
			mainGroup = C1659EB62BDFC4DF00D9A360;
			packageReferences = (
				C1CC86752BE0A3A000B1D64C /* XCRemoteSwiftPackageReference "firebase-ios-sdk" */,
			);
			productRefGroup = C1659EC02BDFC4DF00D9A360 /* Products */;
			projectDirPath = "";
			projectRoot = "";
			targets = (
				C1659EBE2BDFC4DF00D9A360 /* CricketScore */,
			);
		};
/* End PBXProject section */

/* Begin PBXResourcesBuildPhase section */
		C1659EBD2BDFC4DF00D9A360 /* Resources */ = {
			isa = PBXResourcesBuildPhase;
			buildActionMask = 2147483647;
			files = (
				C1659ECC2BDFC4E000D9A360 /* Assets.xcassets in Resources */,
				C1CC86792BE0A3AD00B1D64C /* GoogleService-Info.plist in Resources */,
				C1659ECF2BDFC4E000D9A360 /* Base in Resources */,
				C1659ECA2BDFC4DF00D9A360 /* Base in Resources */,
			);
			runOnlyForDeploymentPostprocessing = 0;
		};
/* End PBXResourcesBuildPhase section */

/* Begin PBXSourcesBuildPhase section */
		C1659EBB2BDFC4DF00D9A360 /* Sources */ = {
			isa = PBXSourcesBuildPhase;
			buildActionMask = 2147483647;
			files = (
				C1212AE32BE3648F00D7E928 /* BowlingSetupWorker.swift in Sources */,
				C14C94AF2BECFFF4003ED970 /* PlayerViewCell.swift in Sources */,
				C1F803E22BE0C4C30005C784 /* BattingSetupModel.swift in Sources */,
				C1212AE12BE3646B00D7E928 /* BowlingSetupPresenter.swift in Sources */,
				C14C94BA2BEDF66D003ED970 /* MatchHistoryCell.swift in Sources */,
				C1F803E42BE0C56C0005C784 /* BattingSetupInteractor.swift in Sources */,
				C14C94BE2BEE021D003ED970 /* MatchHistoryInteractor.swift in Sources */,
				C14C94CC2BEE413C003ED970 /* MatchHistoryDetailWorker.swift in Sources */,
				C13405422BE484D000D894BA /* ScoringViewController.swift in Sources */,
				C14C94AD2BECFFA7003ED970 /* SettingsViewController.swift in Sources */,
				C1212ADD2BE363C600D7E928 /* BowlingSetupModel.swift in Sources */,
				C143660C2BE3514C00FBEB28 /* BowlingSetupViewController.swift in Sources */,
				C14C94B42BEDC760003ED970 /* SettingsInteractor.swift in Sources */,
				C1A92C402BEB1F6E0072EF7C /* IndividualViewController.swift in Sources */,
				C12FD6282BE668D50029730D /* ScoringInteractor.swift in Sources */,
				C14C94CA2BEE3946003ED970 /* MatchHistoryDetailInteractor.swift in Sources */,
				C1A92C442BEB59C60072EF7C /* IndividualModel.swift in Sources */,
				C1659EC32BDFC4DF00D9A360 /* AppDelegate.swift in Sources */,
				C1A92C392BEA3DFC0072EF7C /* SummaryWorker.swift in Sources */,
				C1A92C482BEB6A430072EF7C /* IndividualPresenter.swift in Sources */,
				C14C94B12BED00DD003ED970 /* SettingsModel.swift in Sources */,
				C1212AE52BE365AE00D7E928 /* Match.swift in Sources */,
				C14C94AB2BECF6A1003ED970 /* SettingsWorker.swift in Sources */,
				C14C94C02BEE0322003ED970 /* MatchHistoryPresenter.swift in Sources */,
				C1A92C372BEA3DF00072EF7C /* SummaryInteractor.swift in Sources */,
				C14C94C82BEE327C003ED970 /* MatchHistoryDetailModel.swift in Sources */,
				C1A92C422BEB25F30072EF7C /* IndividualInteractor.swift in Sources */,
				C1A92C322BE8E0B30072EF7C /* SummaryViewController.swift in Sources */,
				C12FD62A2BE66A120029730D /* ScoringWorker.swift in Sources */,
				C1659EC52BDFC4DF00D9A360 /* SceneDelegate.swift in Sources */,
				C14C94B82BEDDB9B003ED970 /* SettingsDetailViewController.swift in Sources */,
				C1F803E62BE0C57F0005C784 /* BattingSetupPresenter.swift in Sources */,
				C16DDEDC2BECB0700048ACE4 /* BowlerViewCell.swift in Sources */,
				C1A92C3D2BEB0DC10072EF7C /* SummaryPresenter.swift in Sources */,
				C13405462BE5063A00D894BA /* Ball.swift in Sources */,
				C12FD62C2BE66A6B0029730D /* ScoringPresenter.swift in Sources */,
				C1212ADF2BE3645A00D7E928 /* BowlingSetupInteractor.swift in Sources */,
				C1A92C352BEA02340072EF7C /* TabBarController.swift in Sources */,
				C1A92C462BEB60600072EF7C /* IndividualWorker.swift in Sources */,
				C1F803EE2BE0CAB10005C784 /* Team.swift in Sources */,
				C14C94C62BEE3001003ED970 /* MatchHistoryDetailTableViewCell.swift in Sources */,
				C14C94C42BEE2F54003ED970 /* MatchHistoryDetailViewController.swift in Sources */,
				C14C94CE2BEE4545003ED970 /* MatchHistoryDetailPresenter.swift in Sources */,
				C13405442BE5059C00D894BA /* ScoringModel.swift in Sources */,
				C1F803F02BE10CB30005C784 /* BattingSetupViewController.swift in Sources */,
				C1A92C3B2BEA41B00072EF7C /* SummaryModel.swift in Sources */,
				C1F803EC2BE0C95C0005C784 /* Player.swift in Sources */,
				C1A92C4A2BEB8A190072EF7C /* StrikerViewCell.swift in Sources */,
				C14C94BC2BEDF82A003ED970 /* MatchHistoryWorker.swift in Sources */,
				C1212AD92BE3559C00D7E928 /* MatchHistoryViewController.swift in Sources */,
				C1F803E82BE0C63E0005C784 /* BattingSetupWorker.swift in Sources */,
				C14C94B62BEDCAA5003ED970 /* SettingsPresenter.swift in Sources */,
			);
			runOnlyForDeploymentPostprocessing = 0;
		};
/* End PBXSourcesBuildPhase section */

/* Begin PBXVariantGroup section */
		C1659EC82BDFC4DF00D9A360 /* Main.storyboard */ = {
			isa = PBXVariantGroup;
			children = (
				C1659EC92BDFC4DF00D9A360 /* Base */,
			);
			name = Main.storyboard;
			sourceTree = "<group>";
		};
		C1659ECD2BDFC4E000D9A360 /* LaunchScreen.storyboard */ = {
			isa = PBXVariantGroup;
			children = (
				C1659ECE2BDFC4E000D9A360 /* Base */,
			);
			name = LaunchScreen.storyboard;
			sourceTree = "<group>";
		};
/* End PBXVariantGroup section */

/* Begin XCBuildConfiguration section */
		C1659ED12BDFC4E000D9A360 /* Debug */ = {
			isa = XCBuildConfiguration;
			buildSettings = {
				ALWAYS_SEARCH_USER_PATHS = NO;
				ASSETCATALOG_COMPILER_GENERATE_SWIFT_ASSET_SYMBOL_EXTENSIONS = YES;
				CLANG_ANALYZER_NONNULL = YES;
				CLANG_ANALYZER_NUMBER_OBJECT_CONVERSION = YES_AGGRESSIVE;
				CLANG_CXX_LANGUAGE_STANDARD = "gnu++20";
				CLANG_ENABLE_MODULES = YES;
				CLANG_ENABLE_OBJC_ARC = YES;
				CLANG_ENABLE_OBJC_WEAK = YES;
				CLANG_WARN_BLOCK_CAPTURE_AUTORELEASING = YES;
				CLANG_WARN_BOOL_CONVERSION = YES;
				CLANG_WARN_COMMA = YES;
				CLANG_WARN_CONSTANT_CONVERSION = YES;
				CLANG_WARN_DEPRECATED_OBJC_IMPLEMENTATIONS = YES;
				CLANG_WARN_DIRECT_OBJC_ISA_USAGE = YES_ERROR;
				CLANG_WARN_DOCUMENTATION_COMMENTS = YES;
				CLANG_WARN_EMPTY_BODY = YES;
				CLANG_WARN_ENUM_CONVERSION = YES;
				CLANG_WARN_INFINITE_RECURSION = YES;
				CLANG_WARN_INT_CONVERSION = YES;
				CLANG_WARN_NON_LITERAL_NULL_CONVERSION = YES;
				CLANG_WARN_OBJC_IMPLICIT_RETAIN_SELF = YES;
				CLANG_WARN_OBJC_LITERAL_CONVERSION = YES;
				CLANG_WARN_OBJC_ROOT_CLASS = YES_ERROR;
				CLANG_WARN_QUOTED_INCLUDE_IN_FRAMEWORK_HEADER = YES;
				CLANG_WARN_RANGE_LOOP_ANALYSIS = YES;
				CLANG_WARN_STRICT_PROTOTYPES = YES;
				CLANG_WARN_SUSPICIOUS_MOVE = YES;
				CLANG_WARN_UNGUARDED_AVAILABILITY = YES_AGGRESSIVE;
				CLANG_WARN_UNREACHABLE_CODE = YES;
				CLANG_WARN__DUPLICATE_METHOD_MATCH = YES;
				COPY_PHASE_STRIP = NO;
				DEBUG_INFORMATION_FORMAT = dwarf;
				ENABLE_STRICT_OBJC_MSGSEND = YES;
				ENABLE_TESTABILITY = YES;
				ENABLE_USER_SCRIPT_SANDBOXING = YES;
				GCC_C_LANGUAGE_STANDARD = gnu17;
				GCC_DYNAMIC_NO_PIC = NO;
				GCC_NO_COMMON_BLOCKS = YES;
				GCC_OPTIMIZATION_LEVEL = 0;
				GCC_PREPROCESSOR_DEFINITIONS = (
					"DEBUG=1",
					"$(inherited)",
				);
				GCC_WARN_64_TO_32_BIT_CONVERSION = YES;
				GCC_WARN_ABOUT_RETURN_TYPE = YES_ERROR;
				GCC_WARN_UNDECLARED_SELECTOR = YES;
				GCC_WARN_UNINITIALIZED_AUTOS = YES_AGGRESSIVE;
				GCC_WARN_UNUSED_FUNCTION = YES;
				GCC_WARN_UNUSED_VARIABLE = YES;
				IPHONEOS_DEPLOYMENT_TARGET = 17.4;
				LOCALIZATION_PREFERS_STRING_CATALOGS = YES;
				MTL_ENABLE_DEBUG_INFO = INCLUDE_SOURCE;
				MTL_FAST_MATH = YES;
				ONLY_ACTIVE_ARCH = YES;
				SDKROOT = iphoneos;
				SWIFT_ACTIVE_COMPILATION_CONDITIONS = "DEBUG $(inherited)";
				SWIFT_OPTIMIZATION_LEVEL = "-Onone";
			};
			name = Debug;
		};
		C1659ED22BDFC4E000D9A360 /* Release */ = {
			isa = XCBuildConfiguration;
			buildSettings = {
				ALWAYS_SEARCH_USER_PATHS = NO;
				ASSETCATALOG_COMPILER_GENERATE_SWIFT_ASSET_SYMBOL_EXTENSIONS = YES;
				CLANG_ANALYZER_NONNULL = YES;
				CLANG_ANALYZER_NUMBER_OBJECT_CONVERSION = YES_AGGRESSIVE;
				CLANG_CXX_LANGUAGE_STANDARD = "gnu++20";
				CLANG_ENABLE_MODULES = YES;
				CLANG_ENABLE_OBJC_ARC = YES;
				CLANG_ENABLE_OBJC_WEAK = YES;
				CLANG_WARN_BLOCK_CAPTURE_AUTORELEASING = YES;
				CLANG_WARN_BOOL_CONVERSION = YES;
				CLANG_WARN_COMMA = YES;
				CLANG_WARN_CONSTANT_CONVERSION = YES;
				CLANG_WARN_DEPRECATED_OBJC_IMPLEMENTATIONS = YES;
				CLANG_WARN_DIRECT_OBJC_ISA_USAGE = YES_ERROR;
				CLANG_WARN_DOCUMENTATION_COMMENTS = YES;
				CLANG_WARN_EMPTY_BODY = YES;
				CLANG_WARN_ENUM_CONVERSION = YES;
				CLANG_WARN_INFINITE_RECURSION = YES;
				CLANG_WARN_INT_CONVERSION = YES;
				CLANG_WARN_NON_LITERAL_NULL_CONVERSION = YES;
				CLANG_WARN_OBJC_IMPLICIT_RETAIN_SELF = YES;
				CLANG_WARN_OBJC_LITERAL_CONVERSION = YES;
				CLANG_WARN_OBJC_ROOT_CLASS = YES_ERROR;
				CLANG_WARN_QUOTED_INCLUDE_IN_FRAMEWORK_HEADER = YES;
				CLANG_WARN_RANGE_LOOP_ANALYSIS = YES;
				CLANG_WARN_STRICT_PROTOTYPES = YES;
				CLANG_WARN_SUSPICIOUS_MOVE = YES;
				CLANG_WARN_UNGUARDED_AVAILABILITY = YES_AGGRESSIVE;
				CLANG_WARN_UNREACHABLE_CODE = YES;
				CLANG_WARN__DUPLICATE_METHOD_MATCH = YES;
				COPY_PHASE_STRIP = NO;
				DEBUG_INFORMATION_FORMAT = "dwarf-with-dsym";
				ENABLE_NS_ASSERTIONS = NO;
				ENABLE_STRICT_OBJC_MSGSEND = YES;
				ENABLE_USER_SCRIPT_SANDBOXING = YES;
				GCC_C_LANGUAGE_STANDARD = gnu17;
				GCC_NO_COMMON_BLOCKS = YES;
				GCC_WARN_64_TO_32_BIT_CONVERSION = YES;
				GCC_WARN_ABOUT_RETURN_TYPE = YES_ERROR;
				GCC_WARN_UNDECLARED_SELECTOR = YES;
				GCC_WARN_UNINITIALIZED_AUTOS = YES_AGGRESSIVE;
				GCC_WARN_UNUSED_FUNCTION = YES;
				GCC_WARN_UNUSED_VARIABLE = YES;
				IPHONEOS_DEPLOYMENT_TARGET = 17.4;
				LOCALIZATION_PREFERS_STRING_CATALOGS = YES;
				MTL_ENABLE_DEBUG_INFO = NO;
				MTL_FAST_MATH = YES;
				SDKROOT = iphoneos;
				SWIFT_COMPILATION_MODE = wholemodule;
				VALIDATE_PRODUCT = YES;
			};
			name = Release;
		};
		C1659ED42BDFC4E000D9A360 /* Debug */ = {
			isa = XCBuildConfiguration;
			buildSettings = {
				ASSETCATALOG_COMPILER_APPICON_NAME = AppIcon;
				ASSETCATALOG_COMPILER_GLOBAL_ACCENT_COLOR_NAME = AccentColor;
				CODE_SIGN_STYLE = Automatic;
				CURRENT_PROJECT_VERSION = 1;
				DEVELOPMENT_TEAM = 927D262BP8;
				GENERATE_INFOPLIST_FILE = YES;
				INFOPLIST_FILE = CricketScore/Info.plist;
				INFOPLIST_KEY_UIApplicationSupportsIndirectInputEvents = YES;
				INFOPLIST_KEY_UILaunchStoryboardName = LaunchScreen;
				INFOPLIST_KEY_UIMainStoryboardFile = Main;
				INFOPLIST_KEY_UISupportedInterfaceOrientations_iPad = "UIInterfaceOrientationPortrait UIInterfaceOrientationPortraitUpsideDown UIInterfaceOrientationLandscapeLeft UIInterfaceOrientationLandscapeRight";
				INFOPLIST_KEY_UISupportedInterfaceOrientations_iPhone = "UIInterfaceOrientationPortrait UIInterfaceOrientationLandscapeLeft UIInterfaceOrientationLandscapeRight";
				IPHONEOS_DEPLOYMENT_TARGET = 17.2;
				LD_RUNPATH_SEARCH_PATHS = (
					"$(inherited)",
					"@executable_path/Frameworks",
				);
				MARKETING_VERSION = 1.0;
				PRODUCT_BUNDLE_IDENTIFIER = au.edu.utas.kaimol.CricketScore;
				PRODUCT_NAME = "$(TARGET_NAME)";
				SWIFT_EMIT_LOC_STRINGS = YES;
				SWIFT_VERSION = 5.0;
				TARGETED_DEVICE_FAMILY = "1,2";
			};
			name = Debug;
		};
		C1659ED52BDFC4E000D9A360 /* Release */ = {
			isa = XCBuildConfiguration;
			buildSettings = {
				ASSETCATALOG_COMPILER_APPICON_NAME = AppIcon;
				ASSETCATALOG_COMPILER_GLOBAL_ACCENT_COLOR_NAME = AccentColor;
				CODE_SIGN_STYLE = Automatic;
				CURRENT_PROJECT_VERSION = 1;
				DEVELOPMENT_TEAM = 927D262BP8;
				GENERATE_INFOPLIST_FILE = YES;
				INFOPLIST_FILE = CricketScore/Info.plist;
				INFOPLIST_KEY_UIApplicationSupportsIndirectInputEvents = YES;
				INFOPLIST_KEY_UILaunchStoryboardName = LaunchScreen;
				INFOPLIST_KEY_UIMainStoryboardFile = Main;
				INFOPLIST_KEY_UISupportedInterfaceOrientations_iPad = "UIInterfaceOrientationPortrait UIInterfaceOrientationPortraitUpsideDown UIInterfaceOrientationLandscapeLeft UIInterfaceOrientationLandscapeRight";
				INFOPLIST_KEY_UISupportedInterfaceOrientations_iPhone = "UIInterfaceOrientationPortrait UIInterfaceOrientationLandscapeLeft UIInterfaceOrientationLandscapeRight";
				IPHONEOS_DEPLOYMENT_TARGET = 17.2;
				LD_RUNPATH_SEARCH_PATHS = (
					"$(inherited)",
					"@executable_path/Frameworks",
				);
				MARKETING_VERSION = 1.0;
				PRODUCT_BUNDLE_IDENTIFIER = au.edu.utas.kaimol.CricketScore;
				PRODUCT_NAME = "$(TARGET_NAME)";
				SWIFT_EMIT_LOC_STRINGS = YES;
				SWIFT_VERSION = 5.0;
				TARGETED_DEVICE_FAMILY = "1,2";
			};
			name = Release;
		};
/* End XCBuildConfiguration section */

/* Begin XCConfigurationList section */
		C1659EBA2BDFC4DF00D9A360 /* Build configuration list for PBXProject "CricketScore" */ = {
			isa = XCConfigurationList;
			buildConfigurations = (
				C1659ED12BDFC4E000D9A360 /* Debug */,
				C1659ED22BDFC4E000D9A360 /* Release */,
			);
			defaultConfigurationIsVisible = 0;
			defaultConfigurationName = Release;
		};
		C1659ED32BDFC4E000D9A360 /* Build configuration list for PBXNativeTarget "CricketScore" */ = {
			isa = XCConfigurationList;
			buildConfigurations = (
				C1659ED42BDFC4E000D9A360 /* Debug */,
				C1659ED52BDFC4E000D9A360 /* Release */,
			);
			defaultConfigurationIsVisible = 0;
			defaultConfigurationName = Release;
		};
/* End XCConfigurationList section */

/* Begin XCRemoteSwiftPackageReference section */
		C1CC86752BE0A3A000B1D64C /* XCRemoteSwiftPackageReference "firebase-ios-sdk" */ = {
			isa = XCRemoteSwiftPackageReference;
			repositoryURL = "https://github.com/firebase/firebase-ios-sdk";
			requirement = {
				kind = upToNextMajorVersion;
				minimumVersion = 10.24.0;
			};
		};
/* End XCRemoteSwiftPackageReference section */

/* Begin XCSwiftPackageProductDependency section */
		C1CC86762BE0A3A000B1D64C /* FirebaseFirestoreSwift */ = {
			isa = XCSwiftPackageProductDependency;
			package = C1CC86752BE0A3A000B1D64C /* XCRemoteSwiftPackageReference "firebase-ios-sdk" */;
			productName = FirebaseFirestoreSwift;
		};
/* End XCSwiftPackageProductDependency section */
	};
	rootObject = C1659EB72BDFC4DF00D9A360 /* Project object */;
}
